lockfileVersion: 5.4

specifiers:
  date-fns: ^2.29.2
  dotenv: ^16.0.2
  playwright: ^1.25.1

dependencies:
  date-fns: 2.29.2
  dotenv: 16.0.2
  playwright: 1.25.1

packages:

  /date-fns/2.29.2:
    resolution: {integrity: sha512-0VNbwmWJDS/G3ySwFSJA3ayhbURMTJLtwM2DTxf9CWondCnh6DTNlO9JgRSq6ibf4eD0lfMJNBxUdEAHHix+bA==}
    engines: {node: '>=0.11'}
    dev: false

  /dotenv/16.0.2:
    resolution: {integrity: sha512-JvpYKUmzQhYoIFgK2MOnF3bciIZoItIIoryihy0rIA+H4Jy0FmgyKYAHCTN98P5ybGSJcIFbh6QKeJdtZd1qhA==}
    engines: {node: '>=12'}
    dev: false

  /playwright-core/1.25.1:
    resolution: {integrity: sha512-lSvPCmA2n7LawD2Hw7gSCLScZ+vYRkhU8xH0AapMyzwN+ojoDqhkH/KIEUxwNu2PjPoE/fcE0wLAksdOhJ2O5g==}
    engines: {node: '>=14'}
    hasBin: true
    dev: false

  /playwright/1.25.1:
    resolution: {integrity: sha512-kOlW7mllnQ70ALTwAor73q/FhdH9EEXLUqjdzqioYLcSVC4n4NBfDqeCikGuayFZrLECLkU6Hcbziy/szqTXSA==}
    engines: {node: '>=14'}
    hasBin: true
    requiresBuild: true
    dependencies:
      playwright-core: 1.25.1
    dev: false
